// !$*UTF8*$!
{
	archiveVersion = 1;
	classes = {
	};
	objectVersion = 50;
	objects = {

/* Begin PBXBuildFile section */
		4F8F1863246D064800A013F1 /* AppDelegate.swift in Sources */ = {isa = PBXBuildFile; fileRef = 4F8F1862246D064800A013F1 /* AppDelegate.swift */; };
		4F8F1865246D064800A013F1 /* SceneDelegate.swift in Sources */ = {isa = PBXBuildFile; fileRef = 4F8F1864246D064800A013F1 /* SceneDelegate.swift */; };
		4F8F186C246D064900A013F1 /* Assets.xcassets in Resources */ = {isa = PBXBuildFile; fileRef = 4F8F186B246D064900A013F1 /* Assets.xcassets */; };
		4F8F186F246D064900A013F1 /* LaunchScreen.storyboard in Resources */ = {isa = PBXBuildFile; fileRef = 4F8F186D246D064900A013F1 /* LaunchScreen.storyboard */; };
		4F8F1877246D068000A013F1 /* BaseService.swift in Sources */ = {isa = PBXBuildFile; fileRef = 4F8F1876246D068000A013F1 /* BaseService.swift */; };
		4F8F1893246D114200A013F1 /* PostPresenter.swift in Sources */ = {isa = PBXBuildFile; fileRef = 4F8F188B246D114200A013F1 /* PostPresenter.swift */; };
		4F8F1894246D114200A013F1 /* Post.swift in Sources */ = {isa = PBXBuildFile; fileRef = 4F8F188D246D114200A013F1 /* Post.swift */; };
		4F8F1895246D114200A013F1 /* PostView.swift in Sources */ = {isa = PBXBuildFile; fileRef = 4F8F188F246D114200A013F1 /* PostView.swift */; };
		4F8F1896246D114200A013F1 /* PostView.storyboard in Resources */ = {isa = PBXBuildFile; fileRef = 4F8F1890246D114200A013F1 /* PostView.storyboard */; };
		4F8F1897246D114200A013F1 /* PostService.swift in Sources */ = {isa = PBXBuildFile; fileRef = 4F8F1892246D114200A013F1 /* PostService.swift */; };
/* End PBXBuildFile section */

/* Begin PBXFileReference section */
		4F8F185F246D064800A013F1 /* mvpExample.app */ = {isa = PBXFileReference; explicitFileType = wrapper.application; includeInIndex = 0; path = mvpExample.app; sourceTree = BUILT_PRODUCTS_DIR; };
		4F8F1862246D064800A013F1 /* AppDelegate.swift */ = {isa = PBXFileReference; lastKnownFileType = sourcecode.swift; path = AppDelegate.swift; sourceTree = "<group>"; };
		4F8F1864246D064800A013F1 /* SceneDelegate.swift */ = {isa = PBXFileReference; lastKnownFileType = sourcecode.swift; path = SceneDelegate.swift; sourceTree = "<group>"; };
		4F8F186B246D064900A013F1 /* Assets.xcassets */ = {isa = PBXFileReference; lastKnownFileType = folder.assetcatalog; path = Assets.xcassets; sourceTree = "<group>"; };
		4F8F186E246D064900A013F1 /* Base */ = {isa = PBXFileReference; lastKnownFileType = file.storyboard; name = Base; path = Base.lproj/LaunchScreen.storyboard; sourceTree = "<group>"; };
		4F8F1870246D064900A013F1 /* Info.plist */ = {isa = PBXFileReference; lastKnownFileType = text.plist.xml; path = Info.plist; sourceTree = "<group>"; };
		4F8F1876246D068000A013F1 /* BaseService.swift */ = {isa = PBXFileReference; lastKnownFileType = sourcecode.swift; path = BaseService.swift; sourceTree = "<group>"; };
		4F8F188B246D114200A013F1 /* PostPresenter.swift */ = {isa = PBXFileReference; fileEncoding = 4; lastKnownFileType = sourcecode.swift; path = PostPresenter.swift; sourceTree = "<group>"; };
		4F8F188D246D114200A013F1 /* Post.swift */ = {isa = PBXFileReference; fileEncoding = 4; lastKnownFileType = sourcecode.swift; path = Post.swift; sourceTree = "<group>"; };
		4F8F188F246D114200A013F1 /* PostView.swift */ = {isa = PBXFileReference; fileEncoding = 4; lastKnownFileType = sourcecode.swift; path = PostView.swift; sourceTree = "<group>"; };
		4F8F1890246D114200A013F1 /* PostView.storyboard */ = {isa = PBXFileReference; fileEncoding = 4; lastKnownFileType = file.storyboard; path = PostView.storyboard; sourceTree = "<group>"; };
		4F8F1892246D114200A013F1 /* PostService.swift */ = {isa = PBXFileReference; fileEncoding = 4; lastKnownFileType = sourcecode.swift; path = PostService.swift; sourceTree = "<group>"; };
/* End PBXFileReference section */

/* Begin PBXFrameworksBuildPhase section */
		4F8F185C246D064800A013F1 /* Frameworks */ = {
			isa = PBXFrameworksBuildPhase;
			buildActionMask = 2147483647;
			files = (
			);
			runOnlyForDeploymentPostprocessing = 0;
		};
/* End PBXFrameworksBuildPhase section */

/* Begin PBXGroup section */
		4F8F1856246D064800A013F1 = {
			isa = PBXGroup;
			children = (
				4F8F1861246D064800A013F1 /* mvpExample */,
				4F8F1860246D064800A013F1 /* Products */,
			);
			sourceTree = "<group>";
		};
		4F8F1860246D064800A013F1 /* Products */ = {
			isa = PBXGroup;
			children = (
				4F8F185F246D064800A013F1 /* mvpExample.app */,
			);
			name = Products;
			sourceTree = "<group>";
		};
		4F8F1861246D064800A013F1 /* mvpExample */ = {
			isa = PBXGroup;
			children = (
				4F8F1862246D064800A013F1 /* AppDelegate.swift */,
				4F8F1864246D064800A013F1 /* SceneDelegate.swift */,
				4F8F1876246D068000A013F1 /* BaseService.swift */,
				4F8F1889246D114200A013F1 /* Post */,
				4F8F186B246D064900A013F1 /* Assets.xcassets */,
				4F8F186D246D064900A013F1 /* LaunchScreen.storyboard */,
				4F8F1870246D064900A013F1 /* Info.plist */,
			);
			path = mvpExample;
			sourceTree = "<group>";
		};
		4F8F1889246D114200A013F1 /* Post */ = {
			isa = PBXGroup;
			children = (
				4F8F188A246D114200A013F1 /* Presenter */,
				4F8F188C246D114200A013F1 /* Model */,
				4F8F188E246D114200A013F1 /* View */,
				4F8F1891246D114200A013F1 /* Service */,
			);
			path = Post;
			sourceTree = "<group>";
		};
		4F8F188A246D114200A013F1 /* Presenter */ = {
			isa = PBXGroup;
			children = (
				4F8F188B246D114200A013F1 /* PostPresenter.swift */,
			);
			path = Presenter;
			sourceTree = "<group>";
		};
		4F8F188C246D114200A013F1 /* Model */ = {
			isa = PBXGroup;
			children = (
				4F8F188D246D114200A013F1 /* Post.swift */,
			);
			path = Model;
			sourceTree = "<group>";
		};
		4F8F188E246D114200A013F1 /* View */ = {
			isa = PBXGroup;
			children = (
				4F8F188F246D114200A013F1 /* PostView.swift */,
				4F8F1890246D114200A013F1 /* PostView.storyboard */,
			);
			path = View;
			sourceTree = "<group>";
		};
		4F8F1891246D114200A013F1 /* Service */ = {
			isa = PBXGroup;
			children = (
				4F8F1892246D114200A013F1 /* PostService.swift */,
			);
			path = Service;
			sourceTree = "<group>";
		};
/* End PBXGroup section */

/* Begin PBXNativeTarget section */
		4F8F185E246D064800A013F1 /* mpvExample */ = {
			isa = PBXNativeTarget;
			buildConfigurationList = 4F8F1873246D064900A013F1 /* Build configuration list for PBXNativeTarget "mpvExample" */;
			buildPhases = (
				4F8F185B246D064800A013F1 /* Sources */,
				4F8F185C246D064800A013F1 /* Frameworks */,
				4F8F185D246D064800A013F1 /* Resources */,
			);
			buildRules = (
			);
			dependencies = (
			);
			name = mpvExample;
			productName = mpvExample;
			productReference = 4F8F185F246D064800A013F1 /* mvpExample.app */;
			productType = "com.apple.product-type.application";
		};
/* End PBXNativeTarget section */

/* Begin PBXProject section */
		4F8F1857246D064800A013F1 /* Project object */ = {
			isa = PBXProject;
			attributes = {
				LastSwiftUpdateCheck = 1130;
				LastUpgradeCheck = 1130;
				ORGANIZATIONNAME = "Emanuel Luayza";
				TargetAttributes = {
					4F8F185E246D064800A013F1 = {
						CreatedOnToolsVersion = 11.3.1;
					};
				};
			};
			buildConfigurationList = 4F8F185A246D064800A013F1 /* Build configuration list for PBXProject "mvpExample" */;
			compatibilityVersion = "Xcode 9.3";
			developmentRegion = en;
			hasScannedForEncodings = 0;
			knownRegions = (
				en,
				Base,
			);
			mainGroup = 4F8F1856246D064800A013F1;
			productRefGroup = 4F8F1860246D064800A013F1 /* Products */;
			projectDirPath = "";
			projectRoot = "";
			targets = (
				4F8F185E246D064800A013F1 /* mpvExample */,
			);
		};
/* End PBXProject section */

/* Begin PBXResourcesBuildPhase section */
		4F8F185D246D064800A013F1 /* Resources */ = {
			isa = PBXResourcesBuildPhase;
			buildActionMask = 2147483647;
			files = (
				4F8F186F246D064900A013F1 /* LaunchScreen.storyboard in Resources */,
				4F8F186C246D064900A013F1 /* Assets.xcassets in Resources */,
				4F8F1896246D114200A013F1 /* PostView.storyboard in Resources */,
			);
			runOnlyForDeploymentPostprocessing = 0;
		};
/* End PBXResourcesBuildPhase section */

/* Begin PBXSourcesBuildPhase section */
		4F8F185B246D064800A013F1 /* Sources */ = {
			isa = PBXSourcesBuildPhase;
			buildActionMask = 2147483647;
			files = (
				4F8F1893246D114200A013F1 /* PostPresenter.swift in Sources */,
				4F8F1863246D064800A013F1 /* AppDelegate.swift in Sources */,
				4F8F1897246D114200A013F1 /* PostService.swift in Sources */,
				4F8F1865246D064800A013F1 /* SceneDelegate.swift in Sources */,
				4F8F1877246D068000A013F1 /* BaseService.swift in Sources */,
				4F8F1895246D114200A013F1 /* PostView.swift in Sources */,
				4F8F1894246D114200A013F1 /* Post.swift in Sources */,
			);
			runOnlyForDeploymentPostprocessing = 0;
		};
/* End PBXSourcesBuildPhase section */

/* Begin PBXVariantGroup section */
		4F8F186D246D064900A013F1 /* LaunchScreen.storyboard */ = {
			isa = PBXVariantGroup;
			children = (
				4F8F186E246D064900A013F1 /* Base */,
			);
			name = LaunchScreen.storyboard;
			sourceTree = "<group>";
		};
/* End PBXVariantGroup section */

/* Begin XCBuildConfiguration section */
		4F8F1871246D064900A013F1 /* Debug */ = {
			isa = XCBuildConfiguration;
			buildSettings = {
				ALWAYS_SEARCH_USER_PATHS = NO;
				CLANG_ANALYZER_NONNULL = YES;
				CLANG_ANALYZER_NUMBER_OBJECT_CONVERSION = YES_AGGRESSIVE;
				CLANG_CXX_LANGUAGE_STANDARD = "gnu++14";
				CLANG_CXX_LIBRARY = "libc++";
				CLANG_ENABLE_MODULES = YES;
				CLANG_ENABLE_OBJC_ARC = YES;
				CLANG_ENABLE_OBJC_WEAK = YES;
				CLANG_WARN_BLOCK_CAPTURE_AUTORELEASING = YES;
				CLANG_WARN_BOOL_CONVERSION = YES;
				CLANG_WARN_COMMA = YES;
				CLANG_WARN_CONSTANT_CONVERSION = YES;
				CLANG_WARN_DEPRECATED_OBJC_IMPLEMENTATIONS = YES;
				CLANG_WARN_DIRECT_OBJC_ISA_USAGE = YES_ERROR;
				CLANG_WARN_DOCUMENTATION_COMMENTS = YES;
				CLANG_WARN_EMPTY_BODY = YES;
				CLANG_WARN_ENUM_CONVERSION = YES;
				CLANG_WARN_INFINITE_RECURSION = YES;
				CLANG_WARN_INT_CONVERSION = YES;
				CLANG_WARN_NON_LITERAL_NULL_CONVERSION = YES;
				CLANG_WARN_OBJC_IMPLICIT_RETAIN_SELF = YES;
				CLANG_WARN_OBJC_LITERAL_CONVERSION = YES;
				CLANG_WARN_OBJC_ROOT_CLASS = YES_ERROR;
				CLANG_WARN_RANGE_LOOP_ANALYSIS = YES;
				CLANG_WARN_STRICT_PROTOTYPES = YES;
				CLANG_WARN_SUSPICIOUS_MOVE = YES;
				CLANG_WARN_UNGUARDED_AVAILABILITY = YES_AGGRESSIVE;
				CLANG_WARN_UNREACHABLE_CODE = YES;
				CLANG_WARN__DUPLICATE_METHOD_MATCH = YES;
				COPY_PHASE_STRIP = NO;
				DEBUG_INFORMATION_FORMAT = dwarf;
				ENABLE_STRICT_OBJC_MSGSEND = YES;
				ENABLE_TESTABILITY = YES;
				GCC_C_LANGUAGE_STANDARD = gnu11;
				GCC_DYNAMIC_NO_PIC = NO;
				GCC_NO_COMMON_BLOCKS = YES;
				GCC_OPTIMIZATION_LEVEL = 0;
				GCC_PREPROCESSOR_DEFINITIONS = (
					"DEBUG=1",
					"$(inherited)",
				);
				GCC_WARN_64_TO_32_BIT_CONVERSION = YES;
				GCC_WARN_ABOUT_RETURN_TYPE = YES_ERROR;
				GCC_WARN_UNDECLARED_SELECTOR = YES;
				GCC_WARN_UNINITIALIZED_AUTOS = YES_AGGRESSIVE;
				GCC_WARN_UNUSED_FUNCTION = YES;
				GCC_WARN_UNUSED_VARIABLE = YES;
				IPHONEOS_DEPLOYMENT_TARGET = 13.2;
				MTL_ENABLE_DEBUG_INFO = INCLUDE_SOURCE;
				MTL_FAST_MATH = YES;
				ONLY_ACTIVE_ARCH = YES;
				SDKROOT = iphoneos;
				SWIFT_ACTIVE_COMPILATION_CONDITIONS = DEBUG;
				SWIFT_OPTIMIZATION_LEVEL = "-Onone";
			};
			name = Debug;
		};
		4F8F1872246D064900A013F1 /* Release */ = {
			isa = XCBuildConfiguration;
			buildSettings = {
				ALWAYS_SEARCH_USER_PATHS = NO;
				CLANG_ANALYZER_NONNULL = YES;
				CLANG_ANALYZER_NUMBER_OBJECT_CONVERSION = YES_AGGRESSIVE;
				CLANG_CXX_LANGUAGE_STANDARD = "gnu++14";
				CLANG_CXX_LIBRARY = "libc++";
				CLANG_ENABLE_MODULES = YES;
				CLANG_ENABLE_OBJC_ARC = YES;
				CLANG_ENABLE_OBJC_WEAK = YES;
				CLANG_WARN_BLOCK_CAPTURE_AUTORELEASING = YES;
				CLANG_WARN_BOOL_CONVERSION = YES;
				CLANG_WARN_COMMA = YES;
				CLANG_WARN_CONSTANT_CONVERSION = YES;
				CLANG_WARN_DEPRECATED_OBJC_IMPLEMENTATIONS = YES;
				CLANG_WARN_DIRECT_OBJC_ISA_USAGE = YES_ERROR;
				CLANG_WARN_DOCUMENTATION_COMMENTS = YES;
				CLANG_WARN_EMPTY_BODY = YES;
				CLANG_WARN_ENUM_CONVERSION = YES;
				CLANG_WARN_INFINITE_RECURSION = YES;
				CLANG_WARN_INT_CONVERSION = YES;
				CLANG_WARN_NON_LITERAL_NULL_CONVERSION = YES;
				CLANG_WARN_OBJC_IMPLICIT_RETAIN_SELF = YES;
				CLANG_WARN_OBJC_LITERAL_CONVERSION = YES;
				CLANG_WARN_OBJC_ROOT_CLASS = YES_ERROR;
				CLANG_WARN_RANGE_LOOP_ANALYSIS = YES;
				CLANG_WARN_STRICT_PROTOTYPES = YES;
				CLANG_WARN_SUSPICIOUS_MOVE = YES;
				CLANG_WARN_UNGUARDED_AVAILABILITY = YES_AGGRESSIVE;
				CLANG_WARN_UNREACHABLE_CODE = YES;
				CLANG_WARN__DUPLICATE_METHOD_MATCH = YES;
				COPY_PHASE_STRIP = NO;
				DEBUG_INFORMATION_FORMAT = "dwarf-with-dsym";
				ENABLE_NS_ASSERTIONS = NO;
				ENABLE_STRICT_OBJC_MSGSEND = YES;
				GCC_C_LANGUAGE_STANDARD = gnu11;
				GCC_NO_COMMON_BLOCKS = YES;
				GCC_WARN_64_TO_32_BIT_CONVERSION = YES;
				GCC_WARN_ABOUT_RETURN_TYPE = YES_ERROR;
				GCC_WARN_UNDECLARED_SELECTOR = YES;
				GCC_WARN_UNINITIALIZED_AUTOS = YES_AGGRESSIVE;
				GCC_WARN_UNUSED_FUNCTION = YES;
				GCC_WARN_UNUSED_VARIABLE = YES;
				IPHONEOS_DEPLOYMENT_TARGET = 13.2;
				MTL_ENABLE_DEBUG_INFO = NO;
				MTL_FAST_MATH = YES;
				SDKROOT = iphoneos;
				SWIFT_COMPILATION_MODE = wholemodule;
				SWIFT_OPTIMIZATION_LEVEL = "-O";
				VALIDATE_PRODUCT = YES;
			};
			name = Release;
		};
		4F8F1874246D064900A013F1 /* Debug */ = {
			isa = XCBuildConfiguration;
			buildSettings = {
				ASSETCATALOG_COMPILER_APPICON_NAME = AppIcon;
				CODE_SIGN_STYLE = Automatic;
				DEVELOPMENT_TEAM = XMY9SY2BGV;
				INFOPLIST_FILE = mvpExample/Info.plist;
				LD_RUNPATH_SEARCH_PATHS = (
					"$(inherited)",
					"@executable_path/Frameworks",
				);
				PRODUCT_BUNDLE_IDENTIFIER = blazttcode.mvpExample;
				PRODUCT_NAME = mvpExample;
				SWIFT_VERSION = 5.0;
				TARGETED_DEVICE_FAMILY = "1,2";
			};
			name = Debug;
		};
		4F8F1875246D064900A013F1 /* Release */ = {
			isa = XCBuildConfiguration;
			buildSettings = {
				ASSETCATALOG_COMPILER_APPICON_NAME = AppIcon;
				CODE_SIGN_STYLE = Automatic;
				DEVELOPMENT_TEAM = XMY9SY2BGV;
				INFOPLIST_FILE = mvpExample/Info.plist;
				LD_RUNPATH_SEARCH_PATHS = (
					"$(inherited)",
					"@executable_path/Frameworks",
				);
				PRODUCT_BUNDLE_IDENTIFIER = blazttcode.mvpExample;
				PRODUCT_NAME = mvpExample;
				SWIFT_VERSION = 5.0;
				TARGETED_DEVICE_FAMILY = "1,2";
			};
			name = Release;
		};
/* End XCBuildConfiguration section */

/* Begin XCConfigurationList section */
		4F8F185A246D064800A013F1 /* Build configuration list for PBXProject "mvpExample" */ = {
			isa = XCConfigurationList;
			buildConfigurations = (
				4F8F1871246D064900A013F1 /* Debug */,
				4F8F1872246D064900A013F1 /* Release */,
			);
			defaultConfigurationIsVisible = 0;
			defaultConfigurationName = Release;
		};
		4F8F1873246D064900A013F1 /* Build configuration list for PBXNativeTarget "mpvExample" */ = {
			isa = XCConfigurationList;
			buildConfigurations = (
				4F8F1874246D064900A013F1 /* Debug */,
				4F8F1875246D064900A013F1 /* Release */,
			);
			defaultConfigurationIsVisible = 0;
			defaultConfigurationName = Release;
		};
/* End XCConfigurationList section */
	};
	rootObject = 4F8F1857246D064800A013F1 /* Project object */;
}
